schema: '2.0'
stages:
  data_ingestion:
    cmd: python src/data_ingestion.py
    deps:
    - path: src/data_ingestion.py
      hash: md5
      md5: f1cb443af222611dce5921e36a0f81de
      size: 3620
    params:
      params.yaml:
        data_ingestion.test_size: 0.3
    outs:
    - path: data/raw
      hash: md5
      md5: 693c9eaa7396ec627c271a179a459e2b.dir
      size: 479272
      nfiles: 2
  data_preprocessing:
    cmd: python src/preprocessing.py
    deps:
    - path: data/raw
      hash: md5
      md5: 693c9eaa7396ec627c271a179a459e2b.dir
      size: 479272
      nfiles: 2
    - path: src/preprocessing.py
      hash: md5
      md5: 9e4bcc4a44550c28568351bfe609c101
      size: 4015
    outs:
    - path: data/interim
      hash: md5
      md5: a5cae7c33ea29c33ae51391a5259f1f7.dir
      size: 258594
      nfiles: 2
  feature_engineering:
    cmd: python src/feature_engineering.py
    deps:
    - path: data/interim
      hash: md5
      md5: a5cae7c33ea29c33ae51391a5259f1f7.dir
      size: 258594
      nfiles: 2
    - path: src/feature_engineering.py
      hash: md5
      md5: 370dfb7fd47392f8a8575aa0aabe25b8
      size: 3882
    params:
      params.yaml:
        feature_engineering.max_features: 50
    outs:
    - path: data/processed
      hash: md5
      md5: 146b7781c4a41e67e85803b81748b448.dir
      size: 1187704
      nfiles: 2
  model_training:
    cmd: python src/model_training.py
    deps:
    - path: data/processed
      hash: md5
      md5: 146b7781c4a41e67e85803b81748b448.dir
      size: 1187704
      nfiles: 2
    - path: src/model_training.py
      hash: md5
      md5: c7ecd2fea93cf7befef9b94145b096cb
      size: 3860
    params:
      params.yaml:
        model_training.n_estimators: 25
        model_training.random_state: 42
    outs:
    - path: models/model.pkl
      hash: md5
      md5: b3ec67faeaa7e70457e38c466fa6ad8f
      size: 965048
  model_evaluation:
    cmd: python src/model_evaluation.py
    deps:
    - path: models/model.pkl
      hash: md5
      md5: b3ec67faeaa7e70457e38c466fa6ad8f
      size: 965048
    - path: src/model_evaluation.py
      hash: md5
      md5: d0d85f62c82c9d394b449f958b6584ba
      size: 4517
    outs:
    - path: reports/metrics.json
      hash: md5
      md5: 4591915bb1ef04927f49e186465cbe6c
      size: 139
